github.com/adrg/xdg v0.4.0 h1:RzRqFcjH4nE5C6oTAxhBtoE2IRyjBSa62SCbyPidvls=
github.com/adrg/xdg v0.4.0/go.mod h1:N6ag73EX4wyxeaoeHctc1mas01KZgsj5tYiAIwqJE/E=
github.com/davecgh/go-spew v1.1.0 h1:ZDRjVQ15GmhC3fiQ8ni8+OwkZQO4DARzQgrnXU1Liz8=
github.com/davecgh/go-spew v1.1.0/go.mod h1:J7Y8YcW2NihsgmVo/mv3lAwl/skON4iLHjSsI+c5H38=
github.com/dustin/go-humanize v1.0.1 h1:GzkhY7T5VNhEkwH0PVJgjz+fX1rhBrR7pRT3mDkpeCY=
github.com/dustin/go-humanize v1.0.1/go.mod h1:Mu1zIs6XwVuF/gI1OepvI0qD18qycQx+mFykh5fBlto=
github.com/evilsocket/islazy v1.11.0 h1:B5w6uuS6ki6iDG+aH/RFeoMb8ijQh/pGabewqp2UeJ0=
github.com/evilsocket/islazy v1.11.0/go.mod h1:muYH4x5MB5YRdkxnrOtrXLIBX6LySj1uFIqys94LKdo=
github.com/google/uuid v1.6.0 h1:NIvaJDMOsjHA8n1jAhLSgzrAzy1Hgr+hNrb57e+94F0=
github.com/google/uuid v1.6.0/go.mod h1:TIyPZe4MgqvfeYDBFedMoGGpEw/LqOeaOT+nhxU+yHo=
github.com/mattn/go-isatty v0.0.20 h1:xfD0iDuEKnDkl03q4limB+vH+GxLEtL/jb4xVJSWWEY=
github.com/mattn/go-isatty v0.0.20/go.mod h1:W+V8PltTTMOvKvAeJH7IuucS94S2C6jfK/D7dTCTo3Y=
github.com/ncruces/go-strftime v0.1.9 h1:bY0MQC28UADQmHmaF5dgpLmImcShSi2kHU9XLdhx/f4=
github.com/ncruces/go-strftime v0.1.9/go.mod h1:Fwc5htZGVVkseilnfgOVb9mKy6w1naJmn9CehxcKcls=
github.com/pmezard/go-difflib v1.0.0 h1:4DBwDE0NGyQoBHbLQYPwSUPoCMWR5BEzIk/f1lZbAQM=
github.com/pmezard/go-difflib v1.0.0/go.mod h1:iKH77koFhYxTK1pcRnkKkqfTogsbg7gZNVY4sRDYZ/4=
github.com/remyoudompheng/bigfft v0.0.0-20230129092748-24d4a6f8daec h1:W09IVJc94icq4NjY3clb7Lk8O1qJ8BdBEF8z0ibU0rE=
github.com/remyoudompheng/bigfft v0.0.0-20230129092748-24d4a6f8daec/go.mod h1:qqbHyh8v60DhA7CoWK5oRCqLrMHRGoxYCSS9EjAz6Eo=
github.com/stretchr/objx v0.1.0/go.mod h1:HFkY916IF+rwdDfMAkV7OtwuqBVzrE8GR6GFx+wExME=
github.com/stretchr/testify v1.7.0 h1:nwc3DEeHmmLAfoZucVR881uASk0Mfjw8xYJ99tb5CcY=
github.com/stretchr/testify v1.7.0/go.mod h1:6Fq8oRcR53rry900zMqJjRRixrwX3KX962/h/Wwjteg=
golang.org/x/mod v0.16.0 h1:QX4fJ0Rr5cPQCF7O9lh9Se4pmwfwskqZfq5moyldzic=
golang.org/x/net v0.25.0 h1:d/OCCoBEUq33pjydKrGQhw7IlUPI2Oylr+8qLx49kac=
golang.org/x/net v0.25.0/go.mod h1:JkAGAh7GEvH74S6FOH42FLoXpXbE/aqXSrIQjXgsiwM=
golang.org/x/sys v0.0.0-20211025201205-69cdffdb9359/go.mod h1:oPkhp1MJrh7nUepCBck5+mAzfO9JrbApNNgaTdGDITg=
golang.org/x/sys v0.6.0/go.mod h1:oPkhp1MJrh7nUepCBck5+mAzfO9JrbApNNgaTdGDITg=
golang.org/x/sys v0.20.0 h1:Od9JTbYCk261bKm4M/mw7AklTlFYIa0bIp9BgSm1S8Y=
golang.org/x/sys v0.20.0/go.mod h1:/VUhepiaJMQUp4+oa/7Zr1D23ma6VTLIYjOOTFZPUcA=
golang.org/x/tools v0.19.0 h1:tfGCXNR1OsFG+sVdLAitlpjAvD/I6dHDKnYrpEZUHkw=
gopkg.in/check.v1 v0.0.0-20161208181325-20d25e280405/go.mod h1:Co6ibVJAznAaIkqp8huTwlJQCZ016jof/cbN4VW5Yz0=
gopkg.in/yaml.v3 v3.0.0-20200313102051-9f266ea9e77c h1:dUUwHk2QECo/6vqA44rthZ8ie2QXMNeKRTHCNY2nXvo=
gopkg.in/yaml.v3 v3.0.0-20200313102051-9f266ea9e77c/go.mod h1:K4uyk7z7BCEPqu6E+C64Yfv1cQ7kz7rIZviUmN+EgEM=
modernc.org/cc/v4 v4.21.2 h1:dycHFB/jDc3IyacKipCNSDrjIC0Lm1hyoWOZTRR20Lk=
modernc.org/ccgo/v4 v4.17.11 h1:6QnbVF8moFBWIGN4E02OS8fsq7LsaiecOD1m6Q/vI0w=
modernc.org/fileutil v1.3.0 h1:gQ5SIzK3H9kdfai/5x41oQiKValumqNTDXMvKo62HvE=
modernc.org/fileutil v1.3.0/go.mod h1:XatxS8fZi3pS8/hKG2GH/ArUogfxjpEKs3Ku3aK4JyQ=
modernc.org/gc/v2 v2.4.1 h1:9cNzOqPyMJBvrUipmynX0ZohMhcxPtMccYgGOJdOiBw=
modernc.org/libX11 v0.2.0 h1:xizpyc6LiVXDNNPg/ZCePEupuZvkQhgNzoPtclpOTu0=
modernc.org/libX11 v0.2.0/go.mod h1:26nah+vmmTx3u9CRxbVN3n5vgmpdw1OHaH3MzfaNTYY=
modernc.org/libXau v0.1.28 h1:buyDe8oyMV1MMvIB7vzOJNcejeRc9jvS5QRKbRkKi/k=
modernc.org/libXau v0.1.28/go.mod h1:wW8AbFoSg4T6lwRWDQhxAi6WSl1z8hM0tucaFw8uYAs=
modernc.org/libXdmcp v0.2.0 h1:H0DB7UqsgKERlk54e11p1EK3onCISzLyWdcuEsBeKro=
modernc.org/libXdmcp v0.2.0/go.mod h1:gTtnntTdZ1OHmW2dxivoMLL3uoi9j8/kcmI3T1/31bc=
modernc.org/libXft v0.1.0 h1:CvIeyF1gVgP5UzBu+kBRNdl6Td5WCAUBP+4YxEX5ZM8=
modernc.org/libXft v0.1.0/go.mod h1:wyjjKol1k/4polDfQmmoh7Ws1LetVITNOMjiGoos6OA=
modernc.org/libXrender v0.1.0 h1:DM9aWsSEo3bYE4Vya+YSi1bxP5bZ3qH2UlMyRCawmvE=
modernc.org/libXrender v0.1.0/go.mod h1:+kkJ+sVjyEeZVhkB9shvNINcf1MvrxTyAzGhmAN5Muw=
modernc.org/libbsd v0.2.0 h1:n+HA9Bg3K6fls5kiyPDaMBIZKeo1lqA38ORE2n1s5pI=
modernc.org/libbsd v0.2.0/go.mod h1:pAvF/5EHlc33LsDbm6zZdem4jVXTwyvbsilOiJyaHcE=
modernc.org/libc v1.52.0 h1:HNy2heEmzXfyly1OF6rcamPyoJ3p4IwV4fzgei68LFo=
modernc.org/libc v1.52.0/go.mod h1:HR4nVzFDSDizP620zcMCgjb1/8xk2lg5p/8yjfGv1IQ=
modernc.org/libc v1.52.1 h1:uau0VoiT5hnR+SpoWekCKbLqm7v6dhRL3hI+NQhgN3M=
modernc.org/libc v1.52.1/go.mod h1:HR4nVzFDSDizP620zcMCgjb1/8xk2lg5p/8yjfGv1IQ=
modernc.org/libexpat v0.3.0 h1:xL9Fehh35CXWrMPaQtJ3Zm/D7jz46m2oYboHBWIZeaU=
modernc.org/libexpat v0.3.0/go.mod h1:J76Mj3uIs3LR2rbuYuCQPd7wW6krBE2Uu4Ynmzp6pyU=
modernc.org/libfontconfig v0.1.23 h1:V3PdH4Hj7hfWhHAxZKbeAKilHf1OP6Z8rOg71fVoO7s=
modernc.org/libfontconfig v0.1.23/go.mod h1:6XDnwS0dqPj/4kDBnyTL5aTfFsWpX/ymLmqdVpEb2q0=
modernc.org/libfreetype v0.2.29 h1:JxFJHv7N0xiYdpTCC70fd13A4dhR9j/sjIrsrg8aV8s=
modernc.org/libfreetype v0.2.29/go.mod h1:yqQk0g6ay2NxfxvvKPXFvvJTt+FJslPUxpONYaloRPo=
modernc.org/libmd v0.3.0 h1:69hjYVfKXCLMxBF+XFP0IRGgAmVYA9Ehu9pOA5w9Z+c=
modernc.org/libmd v0.3.0/go.mod h1:w9cFxq1mgdEyDnBK8upE6Fk0d3DqyXfPws5XDg6bZ3E=
modernc.org/libtcl9.0 v0.4.0 h1:vnZK/OzhfxKk309h3EJRxlV/jz664mEPb8xkPFq/LF0=
modernc.org/libtcl9.0 v0.4.0/go.mod h1:gwK/dI3tEPoq5P4ph+j2144rn/IkXW9zCfm/hz+dEic=
modernc.org/libtcl9.0 v0.4.1 h1:p5flfCBxCFtK/mGPI4Vxuvz2DM7FqNRdG/tD8jEQ9g4=
modernc.org/libtcl9.0 v0.4.1/go.mod h1:nZzOVUzVG5X9B/P5k9zdbLDYWShCz3Sapssyhzdble0=
modernc.org/libtcl9.0 v0.4.2 h1:fnA2W7G76K0uetsWHaa8yOEH0xNk/l7X5vTfC3t2hOQ=
modernc.org/libtcl9.0 v0.4.2/go.mod h1:IKf7x5mxUA7DUyUChwKg6DudeQwRQX2HURgbKDECF8k=
modernc.org/libtk9.0 v0.4.0 h1:bDjU6v3VXX4w3pQQrcl4N5u9J/rSswmFWzMou4QaZPc=
modernc.org/libtk9.0 v0.4.0/go.mod h1:hWruYA2hVgJhAf8LkGRdoGCAHDw47NsvU3t5sUG7NhA=
modernc.org/libxcb v0.3.0 h1:vdPcL7dMfNrM480UW0/njBObAmRbvPIfoxLohCj7/yw=
modernc.org/libxcb v0.3.0/go.mod h1:/sXfvGz58z4Ms0E3nTFp0TKGR1PuHb5ZgBCRQ60j7uk=
modernc.org/libz v0.10.7 h1:Ra+XavGl4BkA0fH8HkT1ckya+/OYuIb7PDOTBWrH4NY=
modernc.org/libz v0.10.7/go.mod h1:E9ibPfdbGsiK9N/OWRD7NttYUndxnG0enyP1PqGmYTI=
modernc.org/mathutil v1.6.0 h1:fRe9+AmYlaej+64JsEEhoWuAYBkOtQiMEU7n/XgfYi4=
modernc.org/mathutil v1.6.0/go.mod h1:Ui5Q9q1TR2gFm0AQRqQUaBWFLAhQpCwNcuhBOSedWPo=
modernc.org/memory v1.8.0 h1:IqGTL6eFMaDZZhEWwcREgeMXYwmW83LYW8cROZYkg+E=
modernc.org/memory v1.8.0/go.mod h1:XPZ936zp5OMKGWPqbD3JShgd/ZoQ7899TUuQqxY+peU=
modernc.org/ngrab v0.0.3 h1:eXqtmt7vPhRbaIvpoZVCQppVddJNZgzye5+bzMIhHMk=
modernc.org/ngrab v0.0.3/go.mod h1:dDGjUip6IXmb5Y5M8RPYD7Sg4S/VdfG5akxK34uYtOE=
modernc.org/opt v0.1.3 h1:3XOZf2yznlhC+ibLltsDGzABUGVx8J6pnFMS3E4dcq4=
modernc.org/sortutil v1.2.0 h1:jQiD3PfS2REGJNzNCMMaLSp/wdMNieTbKX920Cqdgqc=
modernc.org/strutil v1.2.0 h1:agBi9dp1I+eOnxXeiZawM8F4LawKv4NzGWSaLfyeNZA=
modernc.org/tcl9.0 v0.3.47 h1:x7KpTdQEsVig92A3EWMSRyLlpT6H+nkddrOCzmDs7w8=
modernc.org/tcl9.0 v0.3.47/go.mod h1:tzwwU7lYJivWT/U6tq0Ia/R+dy1EKim3BhlrtpV55lY=
modernc.org/tcl9.0 v0.3.48 h1:vONR2Mu3dNFvEmu6lL2PoO+UdbU2yciFds1YaE+mA3w=
modernc.org/tcl9.0 v0.3.48/go.mod h1:tzwwU7lYJivWT/U6tq0Ia/R+dy1EKim3BhlrtpV55lY=
modernc.org/tcl9.0 v0.3.49 h1:9BDJtEbtO00wp6eDVfyKYTR5fqDgIf1ikHPmkBycEaQ=
modernc.org/tcl9.0 v0.3.49/go.mod h1:XDrm0rBUvtfxMh2OiM5yfwkdp/hde9kldgIGM6/aBgA=
modernc.org/tcl9.0 v0.3.50 h1:3a+3H4Lum/23c4YcCwNFdyMUPju6oYTv8IicYgqj1OU=
modernc.org/tcl9.0 v0.3.50/go.mod h1:6rDGPrRO6CiZdrNAsV9IlgoJJ35aMzTbeeNYS7FD7t4=
modernc.org/token v1.1.0 h1:Xl7Ap9dKaEs5kLoOQeQmPWevfnk/DM5qcLcYlA8ys6Y=
