github.com/adrg/xdg v0.5.0 h1:dDaZvhMXatArP1NPHhnfaQUqWBLBsmx1h1HXQdMoFCY=
github.com/adrg/xdg v0.5.0/go.mod h1:dDdY4M4DF9Rjy4kHPeNL+ilVF+p2lK8IdM9/rTSGcI4=
github.com/davecgh/go-spew v1.1.1 h1:vj9j/u1bqnvCEfJOwUhtlOARqs3+rkHYY13jYWTU97c=
github.com/dustin/go-humanize v1.0.1 h1:GzkhY7T5VNhEkwH0PVJgjz+fX1rhBrR7pRT3mDkpeCY=
github.com/dustin/go-humanize v1.0.1/go.mod h1:Mu1zIs6XwVuF/gI1OepvI0qD18qycQx+mFykh5fBlto=
github.com/evilsocket/islazy v1.11.0 h1:B5w6uuS6ki6iDG+aH/RFeoMb8ijQh/pGabewqp2UeJ0=
github.com/evilsocket/islazy v1.11.0/go.mod h1:muYH4x5MB5YRdkxnrOtrXLIBX6LySj1uFIqys94LKdo=
github.com/expr-lang/expr v1.16.9 h1:WUAzmR0JNI9JCiF0/ewwHB1gmcGw5wW7nWt8gc6PpCI=
github.com/expr-lang/expr v1.16.9/go.mod h1:8/vRC7+7HBzESEqt5kKpYXxrxkr31SaO8r40VO/1IT4=
github.com/google/uuid v1.6.0 h1:NIvaJDMOsjHA8n1jAhLSgzrAzy1Hgr+hNrb57e+94F0=
github.com/google/uuid v1.6.0/go.mod h1:TIyPZe4MgqvfeYDBFedMoGGpEw/LqOeaOT+nhxU+yHo=
github.com/mattn/go-isatty v0.0.20 h1:xfD0iDuEKnDkl03q4limB+vH+GxLEtL/jb4xVJSWWEY=
github.com/mattn/go-isatty v0.0.20/go.mod h1:W+V8PltTTMOvKvAeJH7IuucS94S2C6jfK/D7dTCTo3Y=
github.com/ncruces/go-strftime v0.1.9 h1:bY0MQC28UADQmHmaF5dgpLmImcShSi2kHU9XLdhx/f4=
github.com/ncruces/go-strftime v0.1.9/go.mod h1:Fwc5htZGVVkseilnfgOVb9mKy6w1naJmn9CehxcKcls=
github.com/pmezard/go-difflib v1.0.0 h1:4DBwDE0NGyQoBHbLQYPwSUPoCMWR5BEzIk/f1lZbAQM=
github.com/remyoudompheng/bigfft v0.0.0-20230129092748-24d4a6f8daec h1:W09IVJc94icq4NjY3clb7Lk8O1qJ8BdBEF8z0ibU0rE=
github.com/remyoudompheng/bigfft v0.0.0-20230129092748-24d4a6f8daec/go.mod h1:qqbHyh8v60DhA7CoWK5oRCqLrMHRGoxYCSS9EjAz6Eo=
github.com/stretchr/testify v1.9.0 h1:HtqpIVDClZ4nwg75+f6Lvsy/wHu+3BoSGCbBAcpTsTg=
golang.org/x/mod v0.19.0 h1:fEdghXQSo20giMthA7cd28ZC+jts4amQ3YMXiP5oMQ8=
golang.org/x/net v0.27.0 h1:5K3Njcw06/l2y9vpGCSdcxWOYHOUk3dVNGDXN+FvAys=
golang.org/x/net v0.27.0/go.mod h1:dDi0PyhWNoiUOrAS8uXv/vnScO4wnHQO4mj9fn/RytE=
golang.org/x/sync v0.7.0 h1:YsImfSBoP9QPYL0xyKJPq0gcaJdG3rInoqxTWbfQu9M=
golang.org/x/sys v0.6.0/go.mod h1:oPkhp1MJrh7nUepCBck5+mAzfO9JrbApNNgaTdGDITg=
golang.org/x/sys v0.22.0 h1:RI27ohtqKCnwULzJLqkv897zojh5/DwS/ENaMzUOaWI=
golang.org/x/sys v0.22.0/go.mod h1:/VUhepiaJMQUp4+oa/7Zr1D23ma6VTLIYjOOTFZPUcA=
golang.org/x/tools v0.23.0 h1:SGsXPZ+2l4JsgaCKkx+FQ9YZ5XEtA1GZYuoDjenLjvg=
gopkg.in/yaml.v3 v3.0.1 h1:fxVm/GzAzEWqLHuvctI91KS9hhNmmWOoWu0XTYJS7CA=
modernc.org/cc/v4 v4.21.4 h1:3Be/Rdo1fpr8GrQ7IVw9OHtplU4gWbb+wNgeoBMmGLQ=
modernc.org/ccgo/v4 v4.20.7 h1:skrinQsjxWfvj6nbC3ztZPJy+NuwmB3hV9zX/pthNYQ=
modernc.org/fileutil v1.3.0 h1:gQ5SIzK3H9kdfai/5x41oQiKValumqNTDXMvKo62HvE=
modernc.org/fileutil v1.3.0/go.mod h1:XatxS8fZi3pS8/hKG2GH/ArUogfxjpEKs3Ku3aK4JyQ=
modernc.org/gc/v2 v2.5.0 h1:bJ9ChznK1L1mUtAQtxi0wi5AtAs5jQuw4PrPHO5pb6M=
modernc.org/libX11 v0.8.0 h1:WwESHl88d/uw9JH4IjIL6XR2AHqRNBtNgcuC3nn5FRg=
modernc.org/libX11 v0.8.0/go.mod h1:1n8bZLY7YV3FTs01QQMgTN4J2SR+SfPsBh9ELRb5D7o=
modernc.org/libXau v0.7.0 h1:qClaFd4V4zARNTM+2cPKbPt1G1Y71bMBvrbQ6uvPTNk=
modernc.org/libXau v0.7.0/go.mod h1:svFclsbpTJ8vnQRNM5UFsoH741fB9d8nYivLl/9HeaE=
modernc.org/libXdmcp v0.9.0 h1:b47qc/idxPQ+ZxZIA7jJqaMHRiWpsqcv6ibvse2VH74=
modernc.org/libXdmcp v0.9.0/go.mod h1:zNPXKboLmWQaFtGEW8NZnS7HvBS6mMqafzJV2AxBVyk=
modernc.org/libXft v0.8.0 h1:RmGpMvJXXzeJuBdE83qOXT4atvbG0s+nCFc5wTm+w8k=
modernc.org/libXft v0.8.0/go.mod h1:1EuA85efjPKU0BVV+ECgd401W6MoJ3ERnAhDDfNeSdI=
modernc.org/libXrender v0.7.0 h1:ZJeiocJ6gLc3WF2m2a+qp+PCMfW3lj/KygDTY6hmvl8=
modernc.org/libXrender v0.7.0/go.mod h1:GFSbFNjqHIIot4rBvsNknCIO+SzIjNcJcqC5VK7jTGI=
modernc.org/libbsd v0.9.0 h1:aOJdDax/Fbw/wYwI6OsYroynlCrogSdpziCz4z4DKdM=
modernc.org/libbsd v0.9.0/go.mod h1:m3tnOOe9JFXReuJBUGgxJ4B0C5MQt4q6ngEinve4zRA=
modernc.org/libc v1.59.4 h1:kas1A6v59SN7iJIy4BQ/o5djZC1VO3pPhwc7HS4Atco=
modernc.org/libc v1.59.4/go.mod h1:EY/egGEU7Ju66eU6SBqCNYaFUDuc4npICkMWnU5EE3A=
modernc.org/libexpat v0.8.0 h1:lD6PpzfgDlKiIurcJhnPemd3Nh69FMNNR5zOJLBU4JU=
modernc.org/libexpat v0.8.0/go.mod h1:agOrt5m+i/x7NhARGtW9FOCkgwRqveyTPbpZUmaunw0=
modernc.org/libfontconfig v0.6.0 h1:fLmbPvvGQ6S3sqXcFlVX7Ium3tHoXRP1VAL+ize9clQ=
modernc.org/libfontconfig v0.6.0/go.mod h1:7WK2Ys7jpiorU8KwfRDRiOm1dHkSM6mBoPOVKsDvQzU=
modernc.org/libfreetype v0.7.0 h1:aF2V8aMO4xyeinz14JG9vRdej234CuDbRO7zJGVgAJs=
modernc.org/libfreetype v0.7.0/go.mod h1:qCHW0gTb4TGovGrNIO7fJDlYsh+W/I7ejf6bkt5H174=
modernc.org/libmd v0.10.0 h1:AXmjOWP8bYNtEDRrNQJrjYvjLvAtVesuwXB/buTxjqA=
modernc.org/libmd v0.10.0/go.mod h1:4TWKaVjS5N9TvO8ZuBHOXxjgYDseRokLLMP3T+EBJOo=
modernc.org/libtcl9.0 v0.11.0 h1:7h3wSPikWJP2PTvxByZGB42fiGhEoAQs6OzOKVUPz/4=
modernc.org/libtcl9.0 v0.11.0/go.mod h1:IK7Hlhg8rpMROMuIqGN1Q4FyWapNe7kwrF32qTntimk=
modernc.org/libtk9.0 v0.9.0 h1:Kv+Tk4/N9vZ9fObBbdm7jx95o0bYk20H6b/AtTWr+ic=
modernc.org/libtk9.0 v0.9.0/go.mod h1:eiFqgBOLbjUfRoQ3I6zA1DyJC7CUX5Avxlj7XrMJsfA=
modernc.org/libxcb v0.8.0 h1:uAyfx15M+o+Y9uaDhiJ8f9ro0SMTmknlGMlvSJpKB24=
modernc.org/libxcb v0.8.0/go.mod h1:ysidHs4jiwO3hfLMO7nOjazNBICS5aisPVXGQZMm/O8=
modernc.org/libz v0.16.3 h1:Wko3dInluaZcX3V2LQcsEalgCDsl99NuFgzMl/ZS/qU=
modernc.org/libz v0.16.3/go.mod h1:y78vGWqLZSefrVu/0bx9t4AA48C7jZyl+fZw7qXdw0I=
modernc.org/mathutil v1.6.0 h1:fRe9+AmYlaej+64JsEEhoWuAYBkOtQiMEU7n/XgfYi4=
modernc.org/mathutil v1.6.0/go.mod h1:Ui5Q9q1TR2gFm0AQRqQUaBWFLAhQpCwNcuhBOSedWPo=
modernc.org/memory v1.8.0 h1:IqGTL6eFMaDZZhEWwcREgeMXYwmW83LYW8cROZYkg+E=
modernc.org/memory v1.8.0/go.mod h1:XPZ936zp5OMKGWPqbD3JShgd/ZoQ7899TUuQqxY+peU=
modernc.org/ngrab v0.1.0 h1:21cX4tAIfLNjR4ax7JMfHTz2ztnjVGcCSsztoG6EFMk=
modernc.org/ngrab v0.1.0/go.mod h1:dDGjUip6IXmb5Y5M8RPYD7Sg4S/VdfG5akxK34uYtOE=
modernc.org/opt v0.1.3 h1:3XOZf2yznlhC+ibLltsDGzABUGVx8J6pnFMS3E4dcq4=
modernc.org/sortutil v1.2.0 h1:jQiD3PfS2REGJNzNCMMaLSp/wdMNieTbKX920Cqdgqc=
modernc.org/strutil v1.2.0 h1:agBi9dp1I+eOnxXeiZawM8F4LawKv4NzGWSaLfyeNZA=
modernc.org/tcl9.0 v0.11.0 h1:hSc41vr0TM5HyOH+Btnb6pqyHZeOvhPLQGNLtpRZkHg=
modernc.org/tcl9.0 v0.11.0/go.mod h1:BILWGTU5YvmrWP7gxvEg0A2NSEzODaqyEfOQX+XOPBM=
modernc.org/token v1.1.0 h1:Xl7Ap9dKaEs5kLoOQeQmPWevfnk/DM5qcLcYlA8ys6Y=
