github.com/adrg/xdg v0.5.0 h1:dDaZvhMXatArP1NPHhnfaQUqWBLBsmx1h1HXQdMoFCY=
github.com/adrg/xdg v0.5.0/go.mod h1:dDdY4M4DF9Rjy4kHPeNL+ilVF+p2lK8IdM9/rTSGcI4=
github.com/davecgh/go-spew v1.1.1 h1:vj9j/u1bqnvCEfJOwUhtlOARqs3+rkHYY13jYWTU97c=
github.com/dustin/go-humanize v1.0.1 h1:GzkhY7T5VNhEkwH0PVJgjz+fX1rhBrR7pRT3mDkpeCY=
github.com/dustin/go-humanize v1.0.1/go.mod h1:Mu1zIs6XwVuF/gI1OepvI0qD18qycQx+mFykh5fBlto=
github.com/evilsocket/islazy v1.11.0 h1:B5w6uuS6ki6iDG+aH/RFeoMb8ijQh/pGabewqp2UeJ0=
github.com/evilsocket/islazy v1.11.0/go.mod h1:muYH4x5MB5YRdkxnrOtrXLIBX6LySj1uFIqys94LKdo=
github.com/google/uuid v1.6.0 h1:NIvaJDMOsjHA8n1jAhLSgzrAzy1Hgr+hNrb57e+94F0=
github.com/google/uuid v1.6.0/go.mod h1:TIyPZe4MgqvfeYDBFedMoGGpEw/LqOeaOT+nhxU+yHo=
github.com/mattn/go-isatty v0.0.20 h1:xfD0iDuEKnDkl03q4limB+vH+GxLEtL/jb4xVJSWWEY=
github.com/mattn/go-isatty v0.0.20/go.mod h1:W+V8PltTTMOvKvAeJH7IuucS94S2C6jfK/D7dTCTo3Y=
github.com/ncruces/go-strftime v0.1.9 h1:bY0MQC28UADQmHmaF5dgpLmImcShSi2kHU9XLdhx/f4=
github.com/ncruces/go-strftime v0.1.9/go.mod h1:Fwc5htZGVVkseilnfgOVb9mKy6w1naJmn9CehxcKcls=
github.com/pmezard/go-difflib v1.0.0 h1:4DBwDE0NGyQoBHbLQYPwSUPoCMWR5BEzIk/f1lZbAQM=
github.com/remyoudompheng/bigfft v0.0.0-20230129092748-24d4a6f8daec h1:W09IVJc94icq4NjY3clb7Lk8O1qJ8BdBEF8z0ibU0rE=
github.com/remyoudompheng/bigfft v0.0.0-20230129092748-24d4a6f8daec/go.mod h1:qqbHyh8v60DhA7CoWK5oRCqLrMHRGoxYCSS9EjAz6Eo=
github.com/stretchr/testify v1.9.0 h1:HtqpIVDClZ4nwg75+f6Lvsy/wHu+3BoSGCbBAcpTsTg=
golang.org/x/mod v0.19.0 h1:fEdghXQSo20giMthA7cd28ZC+jts4amQ3YMXiP5oMQ8=
golang.org/x/net v0.27.0 h1:5K3Njcw06/l2y9vpGCSdcxWOYHOUk3dVNGDXN+FvAys=
golang.org/x/net v0.27.0/go.mod h1:dDi0PyhWNoiUOrAS8uXv/vnScO4wnHQO4mj9fn/RytE=
golang.org/x/sync v0.7.0 h1:YsImfSBoP9QPYL0xyKJPq0gcaJdG3rInoqxTWbfQu9M=
golang.org/x/sys v0.6.0/go.mod h1:oPkhp1MJrh7nUepCBck5+mAzfO9JrbApNNgaTdGDITg=
golang.org/x/sys v0.22.0 h1:RI27ohtqKCnwULzJLqkv897zojh5/DwS/ENaMzUOaWI=
golang.org/x/sys v0.22.0/go.mod h1:/VUhepiaJMQUp4+oa/7Zr1D23ma6VTLIYjOOTFZPUcA=
golang.org/x/tools v0.23.0 h1:SGsXPZ+2l4JsgaCKkx+FQ9YZ5XEtA1GZYuoDjenLjvg=
gopkg.in/yaml.v3 v3.0.1 h1:fxVm/GzAzEWqLHuvctI91KS9hhNmmWOoWu0XTYJS7CA=
modernc.org/cc/v4 v4.21.4 h1:3Be/Rdo1fpr8GrQ7IVw9OHtplU4gWbb+wNgeoBMmGLQ=
modernc.org/ccgo/v4 v4.20.5 h1:s04akhT2dysD0DFOlv9fkQ6oUTLPYgMnnDk9oaqjszM=
modernc.org/fileutil v1.3.0 h1:gQ5SIzK3H9kdfai/5x41oQiKValumqNTDXMvKo62HvE=
modernc.org/fileutil v1.3.0/go.mod h1:XatxS8fZi3pS8/hKG2GH/ArUogfxjpEKs3Ku3aK4JyQ=
modernc.org/gc/v2 v2.4.3 h1:Ik4ZcMbC7aY4ZDPUhzXVXi7GMub9QcXLTfXn3mWpNw8=
modernc.org/libX11 v0.4.3 h1:iqMMmj07FrLgeKHrQy6hIOdLPLtZpHjCv++93bU6f2k=
modernc.org/libX11 v0.4.3/go.mod h1:eKWOviiJyekRs4KRyc9a8RK6p1PzgNoybfo/aVFXuU8=
modernc.org/libXau v0.2.3 h1:zH5r73HMvNo5ZtMS0+YCBLgKMS3uk0r/W6s/8C0CGuo=
modernc.org/libXau v0.2.3/go.mod h1:ilqZeZCEwpAeYbsiUmIbxjAT1bhWoxE+yyay0e51040=
modernc.org/libXdmcp v0.3.6 h1:0Tetonq1GVZFlj4auVA3x0yYSH8tbGauT9A0CwFAHaA=
modernc.org/libXdmcp v0.3.6/go.mod h1:eeccNg91gU0tOIHgLYt6Cv40btSiqtgmi8Jl9CN3h0g=
modernc.org/libXft v0.3.5 h1:CXrnGnuUd9RnwefXmjt3kbIFkcGJqPKEjTdYJycRx7Q=
modernc.org/libXft v0.3.5/go.mod h1:4rZaufANTqK0npuVir/QS5mYhUWku+g8tjXPtavSp9Q=
modernc.org/libXrender v0.3.5 h1:81cJWRRed/Css09lboo5QaLvstCl1eSPfxVAhopvTXE=
modernc.org/libXrender v0.3.5/go.mod h1:UsbzWlTRPHSjrjWZiwmL9Nu/Dz37PGwXpq0UYMRfSyY=
modernc.org/libbsd v0.3.5 h1:KdFetSsd1P6M2Ok5UecoLV/YUqMQgBmk2bWfNQq/nXY=
modernc.org/libbsd v0.3.5/go.mod h1:0gFgEfAv6DIzoEzTVBAF3FbIYrxs9qOhpIgf8zxUVF8=
modernc.org/libc v1.55.6 h1:WfOvqnRFSjVT3WZIAVzGkKcYSk/toAXXnPAMWnTKBZc=
modernc.org/libc v1.55.6/go.mod h1:JXguUpMkbw1gknxspNE9XaG+kk9hDAAnBxpA6KGLiyA=
modernc.org/libexpat v0.4.6 h1:yiBTfwq8QGAk8e2hVNOMdsIIeqimJIpP3bL+BLwZYv0=
modernc.org/libexpat v0.4.6/go.mod h1:Ux868l+CF59lhRfaQYFQPiOD0Swo9Ig6IWM6gUAIoG4=
modernc.org/libfontconfig v0.2.8 h1:WXCo5C77Tq17A/khxaluNx54yZ3v3seCPp2XKmIjIwQ=
modernc.org/libfontconfig v0.2.8/go.mod h1:TH2kLQq5M+BXi7zXUDqxTyk8lwxSgDxYwC35QE/yYtY=
modernc.org/libfreetype v0.3.1 h1:tvH4AMmRew++cPidlKLGYQiD5QYcrWkih4N0lvI3b0M=
modernc.org/libfreetype v0.3.1/go.mod h1:If6eQY3cSSocsSUrLhG2gXNqJCX7Uu0KzYZ1dJmRgaY=
modernc.org/libmd v0.4.3 h1:VAdViSF8hcE0COw1Mxkwujoo+zZsx+NoqXP2mGEyvyE=
modernc.org/libmd v0.4.3/go.mod h1:/emF0br/JyD/v2sTlFImiw9JABLS2tXoIrDrGqIy5lQ=
modernc.org/libtcl9.0 v0.6.3 h1:a2YqfnB0oRJ/rpp4rPvBdEjEfO39yaxBf5AuTAwnEPc=
modernc.org/libtcl9.0 v0.6.3/go.mod h1:KR+pjhYPKijDmByohO1vrONyCVIz4GB1/EZFfavkU1I=
modernc.org/libtk9.0 v0.4.5 h1:AiQEU600ugPBr7qApFYezDWK6uaogufnDqYZ5IMfii4=
modernc.org/libtk9.0 v0.4.5/go.mod h1:J2sH9DZdCrWKqh6V7iMnbj3kpRs6eBTYFHAQdzMJrOI=
modernc.org/libxcb v0.4.9 h1:GIO6YZTvCOKBBgU1NvhBqZay/aosvfW1/AaS6/87cvI=
modernc.org/libxcb v0.4.9/go.mod h1:pN6h5N4DvdE5cuO/vmGkq796LxuHhZmF6gMM0b2MCdM=
modernc.org/libz v0.13.2 h1:z5CdE4vV8f5dtdNmK+4Sx4LrI4WoBV/U1Embh26vA9A=
modernc.org/libz v0.13.2/go.mod h1:hBZX+l/rZojPRIfXDGbSIkrn8U6BG3Sg/ZXQ0BNi3fY=
modernc.org/mathutil v1.6.0 h1:fRe9+AmYlaej+64JsEEhoWuAYBkOtQiMEU7n/XgfYi4=
modernc.org/mathutil v1.6.0/go.mod h1:Ui5Q9q1TR2gFm0AQRqQUaBWFLAhQpCwNcuhBOSedWPo=
modernc.org/memory v1.8.0 h1:IqGTL6eFMaDZZhEWwcREgeMXYwmW83LYW8cROZYkg+E=
modernc.org/memory v1.8.0/go.mod h1:XPZ936zp5OMKGWPqbD3JShgd/ZoQ7899TUuQqxY+peU=
modernc.org/ngrab v0.1.0 h1:21cX4tAIfLNjR4ax7JMfHTz2ztnjVGcCSsztoG6EFMk=
modernc.org/ngrab v0.1.0/go.mod h1:dDGjUip6IXmb5Y5M8RPYD7Sg4S/VdfG5akxK34uYtOE=
modernc.org/opt v0.1.3 h1:3XOZf2yznlhC+ibLltsDGzABUGVx8J6pnFMS3E4dcq4=
modernc.org/sortutil v1.2.0 h1:jQiD3PfS2REGJNzNCMMaLSp/wdMNieTbKX920Cqdgqc=
modernc.org/strutil v1.2.0 h1:agBi9dp1I+eOnxXeiZawM8F4LawKv4NzGWSaLfyeNZA=
modernc.org/tcl9.0 v0.4.63 h1:gw11TTUoI+CrBEv+rwcMNr2rFqtxmlrLziNAObtBzIg=
modernc.org/tcl9.0 v0.4.63/go.mod h1:XiGZBi0I7QxzoZcvJyupFSKj3sCwQGokll889gRQHH4=
modernc.org/token v1.1.0 h1:Xl7Ap9dKaEs5kLoOQeQmPWevfnk/DM5qcLcYlA8ys6Y=
